<?xml version="1.0" encoding="utf-8"?>
<Project ToolsVersion="4.0" xmlns="http://schemas.microsoft.com/developer/msbuild/2003">
  <ItemGroup>
    <Filter Include="Source files">
      <UniqueIdentifier>{64995cc0-a044-4eec-84c0-7ce30e2e2658}</UniqueIdentifier>
      <Extensions>cpp;c;cc;cxx;def;odl;idl;hpj;bat;asm;asmx</Extensions>
    </Filter>
    <Filter Include="Header files">
      <UniqueIdentifier>{56c77978-00de-450e-9b37-b130414d7429}</UniqueIdentifier>
      <Extensions>h;hpp;hxx;hm;inl;inc;xsd</Extensions>
    </Filter>
    <Filter Include="Resource files">
      <UniqueIdentifier>{65deae8b-bb1a-4613-a91f-8eeaa38892a7}</UniqueIdentifier>
      <Extensions>rc;ico;cur;bmp;dlg;rc2;rct;bin;rgs;gif;jpg;jpeg;jpe;resx;tiff;tif;png;wav</Extensions>
    </Filter>
    <Filter Include="Source files\Device-specific files">
      <UniqueIdentifier>{e6026fd8-e02c-439d-95ea-365d339425c3}</UniqueIdentifier>
    </Filter>
    <Filter Include="Source files\Device-specific files\LL">
      <UniqueIdentifier>{eb13efa0-5a2b-4bd9-9c2a-60cdfa71adee}</UniqueIdentifier>
    </Filter>
    <Filter Include="Header files\Device-specific files">
      <UniqueIdentifier>{e8eed3f6-aca8-4c31-b7fc-e781ad408dfe}</UniqueIdentifier>
    </Filter>
    <Filter Include="Header files\Device-specific files\LL">
      <UniqueIdentifier>{9b4515d1-883d-45cf-b5b4-9de099f448b7}</UniqueIdentifier>
    </Filter>
    <Filter Include="VisualGDB settings">
      <UniqueIdentifier>{9265454a-2df8-4324-82ff-23872d78f384}</UniqueIdentifier>
    </Filter>
    <Filter Include="Header files\CL libs">
      <UniqueIdentifier>{cf586c39-094a-4169-a142-bbfe49d90983}</UniqueIdentifier>
    </Filter>
    <Filter Include="Source files\CL libs">
      <UniqueIdentifier>{85bf7072-0399-4a52-9ea9-82d72caf77fe}</UniqueIdentifier>
    </Filter>
  </ItemGroup>
  <ItemGroup>
    <ClCompile Include="STM32F429_Electronic_Load.c">
      <Filter>Source files</Filter>
    </ClCompile>
    <ClCompile Include="system_stm32f4xx.c">
      <Filter>Source files</Filter>
    </ClCompile>
    <None Include="stm32.props">
      <Filter>Source files\Device-specific files</Filter>
    </None>
    <ClCompile Include="$(BSP_ROOT)\STM32F4xxxx\StartupFiles\startup_stm32f429xx.c">
      <Filter>Source files\Device-specific files</Filter>
    </ClCompile>
    <ClCompile Include="$(BSP_ROOT)\STM32F4xxxx\STM32F4xx_HAL_Driver\Src\stm32f4xx_ll_adc.c">
      <Filter>Source files\Device-specific files\LL</Filter>
    </ClCompile>
    <ClCompile Include="$(BSP_ROOT)\STM32F4xxxx\STM32F4xx_HAL_Driver\Src\stm32f4xx_ll_crc.c">
      <Filter>Source files\Device-specific files\LL</Filter>
    </ClCompile>
    <ClCompile Include="$(BSP_ROOT)\STM32F4xxxx\STM32F4xx_HAL_Driver\Src\stm32f4xx_ll_dac.c">
      <Filter>Source files\Device-specific files\LL</Filter>
    </ClCompile>
    <ClCompile Include="$(BSP_ROOT)\STM32F4xxxx\STM32F4xx_HAL_Driver\Src\stm32f4xx_ll_dma.c">
      <Filter>Source files\Device-specific files\LL</Filter>
    </ClCompile>
    <ClCompile Include="$(BSP_ROOT)\STM32F4xxxx\STM32F4xx_HAL_Driver\Src\stm32f4xx_ll_dma2d.c">
      <Filter>Source files\Device-specific files\LL</Filter>
    </ClCompile>
    <ClCompile Include="$(BSP_ROOT)\STM32F4xxxx\STM32F4xx_HAL_Driver\Src\stm32f4xx_ll_exti.c">
      <Filter>Source files\Device-specific files\LL</Filter>
    </ClCompile>
    <ClCompile Include="$(BSP_ROOT)\STM32F4xxxx\STM32F4xx_HAL_Driver\Src\stm32f4xx_ll_fmc.c">
      <Filter>Source files\Device-specific files\LL</Filter>
    </ClCompile>
    <ClCompile Include="$(BSP_ROOT)\STM32F4xxxx\STM32F4xx_HAL_Driver\Src\stm32f4xx_ll_fmpi2c.c">
      <Filter>Source files\Device-specific files\LL</Filter>
    </ClCompile>
    <ClCompile Include="$(BSP_ROOT)\STM32F4xxxx\STM32F4xx_HAL_Driver\Src\stm32f4xx_ll_fsmc.c">
      <Filter>Source files\Device-specific files\LL</Filter>
    </ClCompile>
    <ClCompile Include="$(BSP_ROOT)\STM32F4xxxx\STM32F4xx_HAL_Driver\Src\stm32f4xx_ll_gpio.c">
      <Filter>Source files\Device-specific files\LL</Filter>
    </ClCompile>
    <ClCompile Include="$(BSP_ROOT)\STM32F4xxxx\STM32F4xx_HAL_Driver\Src\stm32f4xx_ll_i2c.c">
      <Filter>Source files\Device-specific files\LL</Filter>
    </ClCompile>
    <ClCompile Include="$(BSP_ROOT)\STM32F4xxxx\STM32F4xx_HAL_Driver\Src\stm32f4xx_ll_lptim.c">
      <Filter>Source files\Device-specific files\LL</Filter>
    </ClCompile>
    <ClCompile Include="$(BSP_ROOT)\STM32F4xxxx\STM32F4xx_HAL_Driver\Src\stm32f4xx_ll_pwr.c">
      <Filter>Source files\Device-specific files\LL</Filter>
    </ClCompile>
    <ClCompile Include="$(BSP_ROOT)\STM32F4xxxx\STM32F4xx_HAL_Driver\Src\stm32f4xx_ll_rcc.c">
      <Filter>Source files\Device-specific files\LL</Filter>
    </ClCompile>
    <ClCompile Include="$(BSP_ROOT)\STM32F4xxxx\STM32F4xx_HAL_Driver\Src\stm32f4xx_ll_rng.c">
      <Filter>Source files\Device-specific files\LL</Filter>
    </ClCompile>
    <ClCompile Include="$(BSP_ROOT)\STM32F4xxxx\STM32F4xx_HAL_Driver\Src\stm32f4xx_ll_rtc.c">
      <Filter>Source files\Device-specific files\LL</Filter>
    </ClCompile>
    <ClCompile Include="$(BSP_ROOT)\STM32F4xxxx\STM32F4xx_HAL_Driver\Src\stm32f4xx_ll_sdmmc.c">
      <Filter>Source files\Device-specific files\LL</Filter>
    </ClCompile>
    <ClCompile Include="$(BSP_ROOT)\STM32F4xxxx\STM32F4xx_HAL_Driver\Src\stm32f4xx_ll_spi.c">
      <Filter>Source files\Device-specific files\LL</Filter>
    </ClCompile>
    <ClCompile Include="$(BSP_ROOT)\STM32F4xxxx\STM32F4xx_HAL_Driver\Src\stm32f4xx_ll_tim.c">
      <Filter>Source files\Device-specific files\LL</Filter>
    </ClCompile>
    <ClCompile Include="$(BSP_ROOT)\STM32F4xxxx\STM32F4xx_HAL_Driver\Src\stm32f4xx_ll_usart.c">
      <Filter>Source files\Device-specific files\LL</Filter>
    </ClCompile>
    <ClCompile Include="$(BSP_ROOT)\STM32F4xxxx\STM32F4xx_HAL_Driver\Src\stm32f4xx_ll_utils.c">
      <Filter>Source files\Device-specific files\LL</Filter>
    </ClCompile>
    <ClInclude Include="stm32f4xx_hal_conf.h">
      <Filter>Header files</Filter>
    </ClInclude>
    <ClInclude Include="$(BSP_ROOT)\STM32F4xxxx\STM32F4xx_HAL_Driver\Inc\stm32f4xx_ll_adc.h">
      <Filter>Header files\Device-specific files\LL</Filter>
    </ClInclude>
    <ClInclude Include="$(BSP_ROOT)\STM32F4xxxx\STM32F4xx_HAL_Driver\Inc\stm32f4xx_ll_bus.h">
      <Filter>Header files\Device-specific files\LL</Filter>
    </ClInclude>
    <ClInclude Include="$(BSP_ROOT)\STM32F4xxxx\STM32F4xx_HAL_Driver\Inc\stm32f4xx_ll_cortex.h">
      <Filter>Header files\Device-specific files\LL</Filter>
    </ClInclude>
    <ClInclude Include="$(BSP_ROOT)\STM32F4xxxx\STM32F4xx_HAL_Driver\Inc\stm32f4xx_ll_crc.h">
      <Filter>Header files\Device-specific files\LL</Filter>
    </ClInclude>
    <ClInclude Include="$(BSP_ROOT)\STM32F4xxxx\STM32F4xx_HAL_Driver\Inc\stm32f4xx_ll_dac.h">
      <Filter>Header files\Device-specific files\LL</Filter>
    </ClInclude>
    <ClInclude Include="$(BSP_ROOT)\STM32F4xxxx\STM32F4xx_HAL_Driver\Inc\stm32f4xx_ll_dma.h">
      <Filter>Header files\Device-specific files\LL</Filter>
    </ClInclude>
    <ClInclude Include="$(BSP_ROOT)\STM32F4xxxx\STM32F4xx_HAL_Driver\Inc\stm32f4xx_ll_dma2d.h">
      <Filter>Header files\Device-specific files\LL</Filter>
    </ClInclude>
    <ClInclude Include="$(BSP_ROOT)\STM32F4xxxx\STM32F4xx_HAL_Driver\Inc\stm32f4xx_ll_exti.h">
      <Filter>Header files\Device-specific files\LL</Filter>
    </ClInclude>
    <ClInclude Include="$(BSP_ROOT)\STM32F4xxxx\STM32F4xx_HAL_Driver\Inc\stm32f4xx_ll_fmc.h">
      <Filter>Header files\Device-specific files\LL</Filter>
    </ClInclude>
    <ClInclude Include="$(BSP_ROOT)\STM32F4xxxx\STM32F4xx_HAL_Driver\Inc\stm32f4xx_ll_fmpi2c.h">
      <Filter>Header files\Device-specific files\LL</Filter>
    </ClInclude>
    <ClInclude Include="$(BSP_ROOT)\STM32F4xxxx\STM32F4xx_HAL_Driver\Inc\stm32f4xx_ll_fsmc.h">
      <Filter>Header files\Device-specific files\LL</Filter>
    </ClInclude>
    <ClInclude Include="$(BSP_ROOT)\STM32F4xxxx\STM32F4xx_HAL_Driver\Inc\stm32f4xx_ll_gpio.h">
      <Filter>Header files\Device-specific files\LL</Filter>
    </ClInclude>
    <ClInclude Include="$(BSP_ROOT)\STM32F4xxxx\STM32F4xx_HAL_Driver\Inc\stm32f4xx_ll_i2c.h">
      <Filter>Header files\Device-specific files\LL</Filter>
    </ClInclude>
    <ClInclude Include="$(BSP_ROOT)\STM32F4xxxx\STM32F4xx_HAL_Driver\Inc\stm32f4xx_ll_iwdg.h">
      <Filter>Header files\Device-specific files\LL</Filter>
    </ClInclude>
    <ClInclude Include="$(BSP_ROOT)\STM32F4xxxx\STM32F4xx_HAL_Driver\Inc\stm32f4xx_ll_lptim.h">
      <Filter>Header files\Device-specific files\LL</Filter>
    </ClInclude>
    <ClInclude Include="$(BSP_ROOT)\STM32F4xxxx\STM32F4xx_HAL_Driver\Inc\stm32f4xx_ll_pwr.h">
      <Filter>Header files\Device-specific files\LL</Filter>
    </ClInclude>
    <ClInclude Include="$(BSP_ROOT)\STM32F4xxxx\STM32F4xx_HAL_Driver\Inc\stm32f4xx_ll_rcc.h">
      <Filter>Header files\Device-specific files\LL</Filter>
    </ClInclude>
    <ClInclude Include="$(BSP_ROOT)\STM32F4xxxx\STM32F4xx_HAL_Driver\Inc\stm32f4xx_ll_rng.h">
      <Filter>Header files\Device-specific files\LL</Filter>
    </ClInclude>
    <ClInclude Include="$(BSP_ROOT)\STM32F4xxxx\STM32F4xx_HAL_Driver\Inc\stm32f4xx_ll_rtc.h">
      <Filter>Header files\Device-specific files\LL</Filter>
    </ClInclude>
    <ClInclude Include="$(BSP_ROOT)\STM32F4xxxx\STM32F4xx_HAL_Driver\Inc\stm32f4xx_ll_sdmmc.h">
      <Filter>Header files\Device-specific files\LL</Filter>
    </ClInclude>
    <ClInclude Include="$(BSP_ROOT)\STM32F4xxxx\STM32F4xx_HAL_Driver\Inc\stm32f4xx_ll_spi.h">
      <Filter>Header files\Device-specific files\LL</Filter>
    </ClInclude>
    <ClInclude Include="$(BSP_ROOT)\STM32F4xxxx\STM32F4xx_HAL_Driver\Inc\stm32f4xx_ll_system.h">
      <Filter>Header files\Device-specific files\LL</Filter>
    </ClInclude>
    <ClInclude Include="$(BSP_ROOT)\STM32F4xxxx\STM32F4xx_HAL_Driver\Inc\stm32f4xx_ll_tim.h">
      <Filter>Header files\Device-specific files\LL</Filter>
    </ClInclude>
    <ClInclude Include="$(BSP_ROOT)\STM32F4xxxx\STM32F4xx_HAL_Driver\Inc\stm32f4xx_ll_usart.h">
      <Filter>Header files\Device-specific files\LL</Filter>
    </ClInclude>
    <ClInclude Include="$(BSP_ROOT)\STM32F4xxxx\STM32F4xx_HAL_Driver\Inc\stm32f4xx_ll_utils.h">
      <Filter>Header files\Device-specific files\LL</Filter>
    </ClInclude>
    <ClInclude Include="$(BSP_ROOT)\STM32F4xxxx\STM32F4xx_HAL_Driver\Inc\stm32f4xx_ll_wwdg.h">
      <Filter>Header files\Device-specific files\LL</Filter>
    </ClInclude>
    <None Include="STM32F429_Electronic_Load-Debug.vgdbsettings">
      <Filter>VisualGDB settings</Filter>
    </None>
    <None Include="STM32F429_Electronic_Load-Release.vgdbsettings">
      <Filter>VisualGDB settings</Filter>
    </None>
    <None Include="stm32.xml">
      <Filter>VisualGDB settings</Filter>
    </None>
    <ClCompile Include="..\..\STM32_COMM_LIBS\CL_bfp.c">
      <Filter>Source files\CL libs</Filter>
    </ClCompile>
    <ClCompile Include="..\..\STM32_COMM_LIBS\CL_delay.c">
      <Filter>Source files\CL libs</Filter>
    </ClCompile>
    <ClCompile Include="..\..\STM32_COMM_LIBS\CL_printMsg.c">
      <Filter>Source files\CL libs</Filter>
    </ClCompile>
    <ClCompile Include="..\..\STM32_COMM_LIBS\CL_systemClockUpdate.c">
      <Filter>Source files\CL libs</Filter>
    </ClCompile>
  </ItemGroup>
  <ItemGroup>
    <ClInclude Include="..\..\STM32_COMM_LIBS\CL_bfp.h">
      <Filter>Header files\CL libs</Filter>
    </ClInclude>
    <ClInclude Include="..\..\STM32_COMM_LIBS\CL_CONFIG.h">
      <Filter>Header files\CL libs</Filter>
    </ClInclude>
    <ClInclude Include="..\..\STM32_COMM_LIBS\CL_delay.h">
      <Filter>Header files\CL libs</Filter>
    </ClInclude>
    <ClInclude Include="..\..\STM32_COMM_LIBS\CL_printMsg.h">
      <Filter>Header files\CL libs</Filter>
    </ClInclude>
    <ClInclude Include="..\..\STM32_COMM_LIBS\CL_systemClockUpdate.h">
      <Filter>Header files\CL libs</Filter>
    </ClInclude>
  </ItemGroup>
</Project>